
Microsoft Visual Studio Solution File, Format Version 12.00
# Visual Studio Version 17
VisualStudioVersion = 17.14.36127.28
MinimumVisualStudioVersion = 10.0.40219.1
Project("{2150E333-8FDC-42A3-9474-1A3956D46DE8}") = "Solution Items", "Solution Items", "{8EC462FD-D22E-90A8-E5CE-7E832BA40C5D}"
	ProjectSection(SolutionItems) = preProject
		.dockerignore = .dockerignore
		.editorconfig = .editorconfig
		.gitattributes = .gitattributes
		.gitignore = .gitignore
		README.md = README.md
	EndProjectSection
EndProject
Project("{FAE04EC0-301F-11D3-BF4B-00C04F79EFBC}") = "SkillCraft.Core", "src\SkillCraft.Core\SkillCraft.Core.csproj", "{B1141D44-20EB-4769-AA7E-3F1F5FDEBC02}"
EndProject
Project("{2150E333-8FDC-42A3-9474-1A3956D46DE8}") = "Tools", "Tools", "{02EA681E-C7D8-13C7-8484-4AC65E1B71E8}"
EndProject
Project("{FAE04EC0-301F-11D3-BF4B-00C04F79EFBC}") = "SkillCraft.Rules.Compiler", "tools\SkillCraft.Rules.Compiler\SkillCraft.Rules.Compiler.csproj", "{ECA10CEC-5CA2-4719-8F52-970BA11271E5}"
EndProject
Project("{FAE04EC0-301F-11D3-BF4B-00C04F79EFBC}") = "SkillCraft.Cms", "src\SkillCraft.Cms\SkillCraft.Cms.csproj", "{3C5C2B4F-EA6E-468F-8760-C7417010D06A}"
EndProject
Project("{FAE04EC0-301F-11D3-BF4B-00C04F79EFBC}") = "SkillCraft.Cms.Infrastructure", "src\SkillCraft.Cms.Infrastructure\SkillCraft.Cms.Infrastructure.csproj", "{EC62397F-607F-452E-82BA-C06A8C3A2637}"
EndProject
Project("{FAE04EC0-301F-11D3-BF4B-00C04F79EFBC}") = "SkillCraft.Cms.Infrastructure.SqlServer", "src\SkillCraft.Cms.Infrastructure.SqlServer\SkillCraft.Cms.Infrastructure.SqlServer.csproj", "{71D012C4-2528-4736-80B5-7643C7032975}"
EndProject
Project("{FAE04EC0-301F-11D3-BF4B-00C04F79EFBC}") = "SkillCraft.Cms.Infrastructure.PostgreSQL", "src\SkillCraft.Cms.Infrastructure.PostgreSQL\SkillCraft.Cms.Infrastructure.PostgreSQL.csproj", "{492DD4B5-EC72-4490-888E-2D4F92E6BC7D}"
EndProject
Project("{FAE04EC0-301F-11D3-BF4B-00C04F79EFBC}") = "SkillCraft.Cms.Seeding", "tools\SkillCraft.Cms.Seeding\SkillCraft.Cms.Seeding.csproj", "{9611E491-E17E-4932-BA63-AB3779C430ED}"
EndProject
Project("{FAE04EC0-301F-11D3-BF4B-00C04F79EFBC}") = "SkillCraft.Cms.Core", "src\SkillCraft.Cms.Core\SkillCraft.Cms.Core.csproj", "{8614253E-0B12-4A5F-8D93-044AC3A0DE0A}"
EndProject
Project("{FAE04EC0-301F-11D3-BF4B-00C04F79EFBC}") = "SkillCraft.Contracts", "src\SkillCraft.Contracts\SkillCraft.Contracts.csproj", "{08DEDF32-FFE1-4A1C-A831-F9C2E7962787}"
EndProject
Global
	GlobalSection(SolutionConfigurationPlatforms) = preSolution
		Debug|Any CPU = Debug|Any CPU
		Release|Any CPU = Release|Any CPU
	EndGlobalSection
	GlobalSection(ProjectConfigurationPlatforms) = postSolution
		{B1141D44-20EB-4769-AA7E-3F1F5FDEBC02}.Debug|Any CPU.ActiveCfg = Debug|Any CPU
		{B1141D44-20EB-4769-AA7E-3F1F5FDEBC02}.Debug|Any CPU.Build.0 = Debug|Any CPU
		{B1141D44-20EB-4769-AA7E-3F1F5FDEBC02}.Release|Any CPU.ActiveCfg = Release|Any CPU
		{B1141D44-20EB-4769-AA7E-3F1F5FDEBC02}.Release|Any CPU.Build.0 = Release|Any CPU
		{ECA10CEC-5CA2-4719-8F52-970BA11271E5}.Debug|Any CPU.ActiveCfg = Debug|Any CPU
		{ECA10CEC-5CA2-4719-8F52-970BA11271E5}.Debug|Any CPU.Build.0 = Debug|Any CPU
		{ECA10CEC-5CA2-4719-8F52-970BA11271E5}.Release|Any CPU.ActiveCfg = Release|Any CPU
		{ECA10CEC-5CA2-4719-8F52-970BA11271E5}.Release|Any CPU.Build.0 = Release|Any CPU
		{3C5C2B4F-EA6E-468F-8760-C7417010D06A}.Debug|Any CPU.ActiveCfg = Debug|Any CPU
		{3C5C2B4F-EA6E-468F-8760-C7417010D06A}.Debug|Any CPU.Build.0 = Debug|Any CPU
		{3C5C2B4F-EA6E-468F-8760-C7417010D06A}.Release|Any CPU.ActiveCfg = Release|Any CPU
		{3C5C2B4F-EA6E-468F-8760-C7417010D06A}.Release|Any CPU.Build.0 = Release|Any CPU
		{EC62397F-607F-452E-82BA-C06A8C3A2637}.Debug|Any CPU.ActiveCfg = Debug|Any CPU
		{EC62397F-607F-452E-82BA-C06A8C3A2637}.Debug|Any CPU.Build.0 = Debug|Any CPU
		{EC62397F-607F-452E-82BA-C06A8C3A2637}.Release|Any CPU.ActiveCfg = Release|Any CPU
		{EC62397F-607F-452E-82BA-C06A8C3A2637}.Release|Any CPU.Build.0 = Release|Any CPU
		{71D012C4-2528-4736-80B5-7643C7032975}.Debug|Any CPU.ActiveCfg = Debug|Any CPU
		{71D012C4-2528-4736-80B5-7643C7032975}.Debug|Any CPU.Build.0 = Debug|Any CPU
		{71D012C4-2528-4736-80B5-7643C7032975}.Release|Any CPU.ActiveCfg = Release|Any CPU
		{71D012C4-2528-4736-80B5-7643C7032975}.Release|Any CPU.Build.0 = Release|Any CPU
		{492DD4B5-EC72-4490-888E-2D4F92E6BC7D}.Debug|Any CPU.ActiveCfg = Debug|Any CPU
		{492DD4B5-EC72-4490-888E-2D4F92E6BC7D}.Debug|Any CPU.Build.0 = Debug|Any CPU
		{492DD4B5-EC72-4490-888E-2D4F92E6BC7D}.Release|Any CPU.ActiveCfg = Release|Any CPU
		{492DD4B5-EC72-4490-888E-2D4F92E6BC7D}.Release|Any CPU.Build.0 = Release|Any CPU
		{9611E491-E17E-4932-BA63-AB3779C430ED}.Debug|Any CPU.ActiveCfg = Debug|Any CPU
		{9611E491-E17E-4932-BA63-AB3779C430ED}.Debug|Any CPU.Build.0 = Debug|Any CPU
		{9611E491-E17E-4932-BA63-AB3779C430ED}.Release|Any CPU.ActiveCfg = Release|Any CPU
		{9611E491-E17E-4932-BA63-AB3779C430ED}.Release|Any CPU.Build.0 = Release|Any CPU
		{8614253E-0B12-4A5F-8D93-044AC3A0DE0A}.Debug|Any CPU.ActiveCfg = Debug|Any CPU
		{8614253E-0B12-4A5F-8D93-044AC3A0DE0A}.Debug|Any CPU.Build.0 = Debug|Any CPU
		{8614253E-0B12-4A5F-8D93-044AC3A0DE0A}.Release|Any CPU.ActiveCfg = Release|Any CPU
		{8614253E-0B12-4A5F-8D93-044AC3A0DE0A}.Release|Any CPU.Build.0 = Release|Any CPU
		{08DEDF32-FFE1-4A1C-A831-F9C2E7962787}.Debug|Any CPU.ActiveCfg = Debug|Any CPU
		{08DEDF32-FFE1-4A1C-A831-F9C2E7962787}.Debug|Any CPU.Build.0 = Debug|Any CPU
		{08DEDF32-FFE1-4A1C-A831-F9C2E7962787}.Release|Any CPU.ActiveCfg = Release|Any CPU
		{08DEDF32-FFE1-4A1C-A831-F9C2E7962787}.Release|Any CPU.Build.0 = Release|Any CPU
	EndGlobalSection
	GlobalSection(SolutionProperties) = preSolution
		HideSolutionNode = FALSE
	EndGlobalSection
	GlobalSection(NestedProjects) = preSolution
		{ECA10CEC-5CA2-4719-8F52-970BA11271E5} = {02EA681E-C7D8-13C7-8484-4AC65E1B71E8}
		{9611E491-E17E-4932-BA63-AB3779C430ED} = {02EA681E-C7D8-13C7-8484-4AC65E1B71E8}
	EndGlobalSection
	GlobalSection(ExtensibilityGlobals) = postSolution
		SolutionGuid = {E805FC2B-A01F-49D6-BE2D-F55164C31F6C}
	EndGlobalSection
EndGlobal
